# THIS IS AN AUTOGENERATED FILE. DO NOT EDIT THIS FILE DIRECTLY.
# yarn lockfile v1


cypress-browser-permissions@^1.1.0:
  version "1.1.0"
  resolved "https://registry.yarnpkg.com/cypress-browser-permissions/-/cypress-browser-permissions-1.1.0.tgz#d681fd66674ca9c519f0a73553132730b680c747"
  integrity sha512-/pLwCWIXqcmWga3LQmLUDplGCT+e490H8CeqztIXwy8bsMCK4EHTuoRgTcNwYGipdb00omgTfby7jIDPp2a01Q==
  dependencies:
    lodash "4.17.21"

lodash@4.17.21:
  version "4.17.21"
  resolved "https://registry.yarnpkg.com/lodash/-/lodash-4.17.21.tgz#679591c564c3bffaae8454cf0b3df370c3d6911c"
  integrity sha512-v2kDEe57lecTulaDIuNTPy3Ry4gLGJ6Z1O3vE1krgXZNrsQ+LFTGHVxVjcXPs17LhbZVGedAJv8XZ1tvj5FvSg==
